
Microsoft Visual Studio Solution File, Format Version 12.00
# Visual Studio Version 17
VisualStudioVersion = 17.2.32630.192
MinimumVisualStudioVersion = 10.0.40219.1
Project("{FAE04EC0-301F-11D3-BF4B-00C04F79EFBC}") = "LeetCodeDPDay1Program1", "LeetCodeDPDay1Program1\LeetCodeDPDay1Program1.csproj", "{FE002FA6-5B97-44E6-B2F9-AC209A68EDFB}"
EndProject
Global
	GlobalSection(SolutionConfigurationPlatforms) = preSolution
		Debug|Any CPU = Debug|Any CPU
		Release|Any CPU = Release|Any CPU
	EndGlobalSection
	GlobalSection(ProjectConfigurationPlatforms) = postSolution
		{FE002FA6-5B97-44E6-B2F9-AC209A68EDFB}.Debug|Any CPU.ActiveCfg = Debug|Any CPU
		{FE002FA6-5B97-44E6-B2F9-AC209A68EDFB}.Debug|Any CPU.Build.0 = Debug|Any CPU
		{FE002FA6-5B97-44E6-B2F9-AC209A68EDFB}.Release|Any CPU.ActiveCfg = Release|Any CPU
		{FE002FA6-5B97-44E6-B2F9-AC209A68EDFB}.Release|Any CPU.Build.0 = Release|Any CPU
	EndGlobalSection
	GlobalSection(SolutionProperties) = preSolution
		HideSolutionNode = FALSE
	EndGlobalSection
	GlobalSection(ExtensibilityGlobals) = postSolution
		SolutionGuid = {7E0EBC0C-F53B-47CC-BD5F-EA6FAEECBEA9}
	EndGlobalSection
EndGlobal
