
Microsoft Visual Studio Solution File, Format Version 12.00
# Visual Studio Version 17
VisualStudioVersion = 17.2.32630.192
MinimumVisualStudioVersion = 10.0.40219.1
Project("{9A19103F-16F7-4668-BE54-9A1E7A4F7556}") = "LeetCodeDPDay1Program1", "LeetCodeDPDay1Program1\LeetCodeDPDay1Program1.csproj", "{FE002FA6-5B97-44E6-B2F9-AC209A68EDFB}"
EndProject
Project("{9A19103F-16F7-4668-BE54-9A1E7A4F7556}") = "LeetCodeDPDay1Program2", "LeetCodeDPDay1Program2\LeetCodeDPDay1Program2.csproj", "{611B9171-ADFE-4AAC-B464-FC0B1106F1FD}"
EndProject
Project("{9A19103F-16F7-4668-BE54-9A1E7A4F7556}") = "LeetCodeDPDay2Program1", "LeetCodeDPDay2Program1\LeetCodeDPDay2Program1.csproj", "{A6B5FC2B-ABBB-43D0-B65F-5122AEC856C7}"
EndProject
Project("{9A19103F-16F7-4668-BE54-9A1E7A4F7556}") = "LeetCodeDPDay2Program2", "LeetCodeDPDay2Program2\LeetCodeDPDay2Program2.csproj", "{EAF8E637-A0BD-4AEA-B719-B0E88BE6F8F6}"
EndProject
Project("{9A19103F-16F7-4668-BE54-9A1E7A4F7556}") = "LeetCodeDPDay3Program1", "LeetCodeDPDay3Program1\LeetCodeDPDay3Program1.csproj", "{96E5916A-44F0-4EF5-9688-5D7DCC22DDB5}"
EndProject
Project("{9A19103F-16F7-4668-BE54-9A1E7A4F7556}") = "LeetCodeDPDay3Program2", "LeetCodeDPDay3Program2\LeetCodeDPDay3Program2.csproj", "{3A1B9758-92C9-4B3A-9974-9924EDF7B6A2}"
EndProject
Project("{9A19103F-16F7-4668-BE54-9A1E7A4F7556}") = "LeetCodeDPDay3Program3", "LeetCodeDPDay3Program3\LeetCodeDPDay3Program3.csproj", "{B647A766-8659-48E3-B19A-86AB8350E0E9}"
EndProject
Project("{9A19103F-16F7-4668-BE54-9A1E7A4F7556}") = "LeetCodeDPDay4Program1", "LeetCodeDPDay4Program1\LeetCodeDPDay4Program1.csproj", "{A27FD7EA-2308-4162-A276-803BD7AED273}"
EndProject
Project("{9A19103F-16F7-4668-BE54-9A1E7A4F7556}") = "LeetCodeDPDay4Program2", "LeetCodeDPDay4Program2\LeetCodeDPDay4Program2.csproj", "{CE1BBE5C-5C0A-4AC4-9E6E-7F5478CBAF9D}"
EndProject
Project("{9A19103F-16F7-4668-BE54-9A1E7A4F7556}") = "LeetCodeDPDay5Program1", "LeetCodeDPDay5Program1\LeetCodeDPDay5Program1.csproj", "{985B4957-9F0F-4F10-B8C7-A4C27EEC6BB0}"
EndProject
Project("{9A19103F-16F7-4668-BE54-9A1E7A4F7556}") = "LeetCodeDPDay5Program2", "LeetCodeDPDay5Program2\LeetCodeDPDay5Program2.csproj", "{2BF4B34B-1962-42EC-8979-04633B9940C2}"
EndProject
Project("{9A19103F-16F7-4668-BE54-9A1E7A4F7556}") = "LeetCodeDPDay6Program1", "LeetCodeDPDay6Program1\LeetCodeDPDay6Program1.csproj", "{8D8E9666-5982-445D-AE6A-8CAA10863872}"
EndProject
Project("{9A19103F-16F7-4668-BE54-9A1E7A4F7556}") = "LeetCodeDPDay6Program2", "LeetCodeDPDay6Program2\LeetCodeDPDay6Program2.csproj", "{7CA786A3-9508-4B60-BB19-B2341E2CCBE6}"
EndProject
Project("{9A19103F-16F7-4668-BE54-9A1E7A4F7556}") = "LeetCodeDPDay7Program3", "LeetCodeDPDay7Program3\LeetCodeDPDay7Program3.csproj", "{B94DC104-0F5F-44FC-B5CE-6823D320D40A}"
EndProject
Project("{9A19103F-16F7-4668-BE54-9A1E7A4F7556}") = "LeetCodeDPDay7Program1", "LeetCodeDPDay7Program1\LeetCodeDPDay7Program1.csproj", "{A9803A2F-FBF3-488C-87EB-536953B04CF3}"
EndProject
Project("{FAE04EC0-301F-11D3-BF4B-00C04F79EFBC}") = "LeetCodeDPDay8Program1", "LeetCodeDPDay8Program1\LeetCodeDPDay8Program1.csproj", "{D7FF7A1A-DFDA-4E7C-ABD2-7D4361D52947}"
EndProject
Project("{FAE04EC0-301F-11D3-BF4B-00C04F79EFBC}") = "LeetCodeDPDay8Program2", "LeetCodeDPDay8Program2\LeetCodeDPDay8Program2.csproj", "{E1D2C24C-1545-4990-BC53-C3B09FAC1851}"
EndProject
Global
	GlobalSection(SolutionConfigurationPlatforms) = preSolution
		Debug|Any CPU = Debug|Any CPU
		Release|Any CPU = Release|Any CPU
	EndGlobalSection
	GlobalSection(ProjectConfigurationPlatforms) = postSolution
		{FE002FA6-5B97-44E6-B2F9-AC209A68EDFB}.Debug|Any CPU.ActiveCfg = Debug|Any CPU
		{FE002FA6-5B97-44E6-B2F9-AC209A68EDFB}.Debug|Any CPU.Build.0 = Debug|Any CPU
		{FE002FA6-5B97-44E6-B2F9-AC209A68EDFB}.Release|Any CPU.ActiveCfg = Release|Any CPU
		{FE002FA6-5B97-44E6-B2F9-AC209A68EDFB}.Release|Any CPU.Build.0 = Release|Any CPU
		{611B9171-ADFE-4AAC-B464-FC0B1106F1FD}.Debug|Any CPU.ActiveCfg = Debug|Any CPU
		{611B9171-ADFE-4AAC-B464-FC0B1106F1FD}.Debug|Any CPU.Build.0 = Debug|Any CPU
		{611B9171-ADFE-4AAC-B464-FC0B1106F1FD}.Release|Any CPU.ActiveCfg = Release|Any CPU
		{611B9171-ADFE-4AAC-B464-FC0B1106F1FD}.Release|Any CPU.Build.0 = Release|Any CPU
		{A6B5FC2B-ABBB-43D0-B65F-5122AEC856C7}.Debug|Any CPU.ActiveCfg = Debug|Any CPU
		{A6B5FC2B-ABBB-43D0-B65F-5122AEC856C7}.Debug|Any CPU.Build.0 = Debug|Any CPU
		{A6B5FC2B-ABBB-43D0-B65F-5122AEC856C7}.Release|Any CPU.ActiveCfg = Release|Any CPU
		{A6B5FC2B-ABBB-43D0-B65F-5122AEC856C7}.Release|Any CPU.Build.0 = Release|Any CPU
		{EAF8E637-A0BD-4AEA-B719-B0E88BE6F8F6}.Debug|Any CPU.ActiveCfg = Debug|Any CPU
		{EAF8E637-A0BD-4AEA-B719-B0E88BE6F8F6}.Debug|Any CPU.Build.0 = Debug|Any CPU
		{EAF8E637-A0BD-4AEA-B719-B0E88BE6F8F6}.Release|Any CPU.ActiveCfg = Release|Any CPU
		{EAF8E637-A0BD-4AEA-B719-B0E88BE6F8F6}.Release|Any CPU.Build.0 = Release|Any CPU
		{96E5916A-44F0-4EF5-9688-5D7DCC22DDB5}.Debug|Any CPU.ActiveCfg = Debug|Any CPU
		{96E5916A-44F0-4EF5-9688-5D7DCC22DDB5}.Debug|Any CPU.Build.0 = Debug|Any CPU
		{96E5916A-44F0-4EF5-9688-5D7DCC22DDB5}.Release|Any CPU.ActiveCfg = Release|Any CPU
		{96E5916A-44F0-4EF5-9688-5D7DCC22DDB5}.Release|Any CPU.Build.0 = Release|Any CPU
		{3A1B9758-92C9-4B3A-9974-9924EDF7B6A2}.Debug|Any CPU.ActiveCfg = Debug|Any CPU
		{3A1B9758-92C9-4B3A-9974-9924EDF7B6A2}.Debug|Any CPU.Build.0 = Debug|Any CPU
		{3A1B9758-92C9-4B3A-9974-9924EDF7B6A2}.Release|Any CPU.ActiveCfg = Release|Any CPU
		{3A1B9758-92C9-4B3A-9974-9924EDF7B6A2}.Release|Any CPU.Build.0 = Release|Any CPU
		{B647A766-8659-48E3-B19A-86AB8350E0E9}.Debug|Any CPU.ActiveCfg = Debug|Any CPU
		{B647A766-8659-48E3-B19A-86AB8350E0E9}.Debug|Any CPU.Build.0 = Debug|Any CPU
		{B647A766-8659-48E3-B19A-86AB8350E0E9}.Release|Any CPU.ActiveCfg = Release|Any CPU
		{B647A766-8659-48E3-B19A-86AB8350E0E9}.Release|Any CPU.Build.0 = Release|Any CPU
		{A27FD7EA-2308-4162-A276-803BD7AED273}.Debug|Any CPU.ActiveCfg = Debug|Any CPU
		{A27FD7EA-2308-4162-A276-803BD7AED273}.Debug|Any CPU.Build.0 = Debug|Any CPU
		{A27FD7EA-2308-4162-A276-803BD7AED273}.Release|Any CPU.ActiveCfg = Release|Any CPU
		{A27FD7EA-2308-4162-A276-803BD7AED273}.Release|Any CPU.Build.0 = Release|Any CPU
		{CE1BBE5C-5C0A-4AC4-9E6E-7F5478CBAF9D}.Debug|Any CPU.ActiveCfg = Debug|Any CPU
		{CE1BBE5C-5C0A-4AC4-9E6E-7F5478CBAF9D}.Debug|Any CPU.Build.0 = Debug|Any CPU
		{CE1BBE5C-5C0A-4AC4-9E6E-7F5478CBAF9D}.Release|Any CPU.ActiveCfg = Release|Any CPU
		{CE1BBE5C-5C0A-4AC4-9E6E-7F5478CBAF9D}.Release|Any CPU.Build.0 = Release|Any CPU
		{985B4957-9F0F-4F10-B8C7-A4C27EEC6BB0}.Debug|Any CPU.ActiveCfg = Debug|Any CPU
		{985B4957-9F0F-4F10-B8C7-A4C27EEC6BB0}.Debug|Any CPU.Build.0 = Debug|Any CPU
		{985B4957-9F0F-4F10-B8C7-A4C27EEC6BB0}.Release|Any CPU.ActiveCfg = Release|Any CPU
		{985B4957-9F0F-4F10-B8C7-A4C27EEC6BB0}.Release|Any CPU.Build.0 = Release|Any CPU
		{2BF4B34B-1962-42EC-8979-04633B9940C2}.Debug|Any CPU.ActiveCfg = Debug|Any CPU
		{2BF4B34B-1962-42EC-8979-04633B9940C2}.Debug|Any CPU.Build.0 = Debug|Any CPU
		{2BF4B34B-1962-42EC-8979-04633B9940C2}.Release|Any CPU.ActiveCfg = Release|Any CPU
		{2BF4B34B-1962-42EC-8979-04633B9940C2}.Release|Any CPU.Build.0 = Release|Any CPU
		{8D8E9666-5982-445D-AE6A-8CAA10863872}.Debug|Any CPU.ActiveCfg = Debug|Any CPU
		{8D8E9666-5982-445D-AE6A-8CAA10863872}.Debug|Any CPU.Build.0 = Debug|Any CPU
		{8D8E9666-5982-445D-AE6A-8CAA10863872}.Release|Any CPU.ActiveCfg = Release|Any CPU
		{8D8E9666-5982-445D-AE6A-8CAA10863872}.Release|Any CPU.Build.0 = Release|Any CPU
		{7CA786A3-9508-4B60-BB19-B2341E2CCBE6}.Debug|Any CPU.ActiveCfg = Debug|Any CPU
		{7CA786A3-9508-4B60-BB19-B2341E2CCBE6}.Debug|Any CPU.Build.0 = Debug|Any CPU
		{7CA786A3-9508-4B60-BB19-B2341E2CCBE6}.Release|Any CPU.ActiveCfg = Release|Any CPU
		{7CA786A3-9508-4B60-BB19-B2341E2CCBE6}.Release|Any CPU.Build.0 = Release|Any CPU
		{B94DC104-0F5F-44FC-B5CE-6823D320D40A}.Debug|Any CPU.ActiveCfg = Debug|Any CPU
		{B94DC104-0F5F-44FC-B5CE-6823D320D40A}.Debug|Any CPU.Build.0 = Debug|Any CPU
		{B94DC104-0F5F-44FC-B5CE-6823D320D40A}.Release|Any CPU.ActiveCfg = Release|Any CPU
		{B94DC104-0F5F-44FC-B5CE-6823D320D40A}.Release|Any CPU.Build.0 = Release|Any CPU
		{A9803A2F-FBF3-488C-87EB-536953B04CF3}.Debug|Any CPU.ActiveCfg = Debug|Any CPU
		{A9803A2F-FBF3-488C-87EB-536953B04CF3}.Debug|Any CPU.Build.0 = Debug|Any CPU
		{A9803A2F-FBF3-488C-87EB-536953B04CF3}.Release|Any CPU.ActiveCfg = Release|Any CPU
		{A9803A2F-FBF3-488C-87EB-536953B04CF3}.Release|Any CPU.Build.0 = Release|Any CPU
		{D7FF7A1A-DFDA-4E7C-ABD2-7D4361D52947}.Debug|Any CPU.ActiveCfg = Debug|Any CPU
		{D7FF7A1A-DFDA-4E7C-ABD2-7D4361D52947}.Debug|Any CPU.Build.0 = Debug|Any CPU
		{D7FF7A1A-DFDA-4E7C-ABD2-7D4361D52947}.Release|Any CPU.ActiveCfg = Release|Any CPU
		{D7FF7A1A-DFDA-4E7C-ABD2-7D4361D52947}.Release|Any CPU.Build.0 = Release|Any CPU
		{E1D2C24C-1545-4990-BC53-C3B09FAC1851}.Debug|Any CPU.ActiveCfg = Debug|Any CPU
		{E1D2C24C-1545-4990-BC53-C3B09FAC1851}.Debug|Any CPU.Build.0 = Debug|Any CPU
		{E1D2C24C-1545-4990-BC53-C3B09FAC1851}.Release|Any CPU.ActiveCfg = Release|Any CPU
		{E1D2C24C-1545-4990-BC53-C3B09FAC1851}.Release|Any CPU.Build.0 = Release|Any CPU
	EndGlobalSection
	GlobalSection(SolutionProperties) = preSolution
		HideSolutionNode = FALSE
	EndGlobalSection
	GlobalSection(ExtensibilityGlobals) = postSolution
		SolutionGuid = {7E0EBC0C-F53B-47CC-BD5F-EA6FAEECBEA9}
	EndGlobalSection
EndGlobal
